<?xml version="1.0" encoding="utf-8"?>
<Project ToolsVersion="4.0" xmlns="http://schemas.microsoft.com/developer/msbuild/2003">
  <ItemGroup>
    <Filter Include="Quelldateien">
      <UniqueIdentifier>{4FC737F1-C7A5-4376-A066-2A32D752A2FF}</UniqueIdentifier>
      <Extensions>cpp;c;cc;cxx;def;odl;idl;hpj;bat;asm;asmx</Extensions>
    </Filter>
    <Filter Include="Headerdateien">
      <UniqueIdentifier>{93995380-89BD-4b04-88EB-625FBE52EBFB}</UniqueIdentifier>
      <Extensions>h;hh;hpp;hxx;hm;inl;inc;xsd</Extensions>
    </Filter>
    <Filter Include="Ressourcendateien">
      <UniqueIdentifier>{67DA6AB6-F800-4c08-8B7A-83BB121AAD01}</UniqueIdentifier>
      <Extensions>rc;ico;cur;bmp;dlg;rc2;rct;bin;rgs;gif;jpg;jpeg;jpe;resx;tiff;tif;png;wav;mfcribbon-ms</Extensions>
    </Filter>
    <Filter Include="src">
      <UniqueIdentifier>{e55c9ea5-6dc0-481b-adc4-cb6877611be9}</UniqueIdentifier>
    </Filter>
    <Filter Include="src\_micro-api-readonly">
      <UniqueIdentifier>{54edf2fa-71d3-476c-a704-6355880eeae9}</UniqueIdentifier>
    </Filter>
    <Filter Include="src\_micro-api-readonly\core">
      <UniqueIdentifier>{632dc7c3-e84f-4a36-81de-6f191567133d}</UniqueIdentifier>
    </Filter>
    <Filter Include="src\_micro-api-readonly\libraries">
      <UniqueIdentifier>{a74d7fb9-4788-4dd7-b47a-f548df798136}</UniqueIdentifier>
    </Filter>
    <Filter Include="src\_micro-api-readonly\libraries\jeelib-master">
      <UniqueIdentifier>{b2f4de9c-3cce-4904-bd54-f85d75d96886}</UniqueIdentifier>
    </Filter>
    <Filter Include="src\_micro-api-readonly\libraries\Arduino-DHT22-master">
      <UniqueIdentifier>{e16a6346-8d3f-41b2-a7b6-b843130a6e03}</UniqueIdentifier>
    </Filter>
    <Filter Include="src\_micro-api-readonly\libraries\Arduino_Software_I2C-master">
      <UniqueIdentifier>{46622757-3cd9-4d61-b7c5-7258a4f5cd9b}</UniqueIdentifier>
    </Filter>
  </ItemGroup>
  <ItemGroup>
    <None Include="TT3Thermometer.ino" />
    <None Include="C:\Program Files (x86)\Arduino\hardware\arduino\avr\cores\arduino\wiring_pulse.S">
      <Filter>src\_micro-api-readonly\core</Filter>
    </None>
    <None Include="C:\Users\Thomas\Documents\Arduino\libraries\Arduino_Software_I2C-master\library.properties">
      <Filter>src\_micro-api-readonly\libraries\Arduino_Software_I2C-master</Filter>
    </None>
  </ItemGroup>
  <ItemGroup>
    <ClInclude Include="__vm\.TT3Thermometer.vsarduino.h">
      <Filter>Headerdateien</Filter>
    </ClInclude>
    <ClInclude Include="C:\Program Files (x86)\Arduino\hardware\arduino\avr\cores\arduino\Arduino.h">
      <Filter>src\_micro-api-readonly\core</Filter>
    </ClInclude>
    <ClInclude Include="C:\Program Files (x86)\Arduino\hardware\arduino\avr\cores\arduino\binary.h">
      <Filter>src\_micro-api-readonly\core</Filter>
    </ClInclude>
    <ClInclude Include="C:\Program Files (x86)\Arduino\hardware\arduino\avr\cores\arduino\Client.h">
      <Filter>src\_micro-api-readonly\core</Filter>
    </ClInclude>
    <ClInclude Include="C:\Program Files (x86)\Arduino\hardware\arduino\avr\cores\arduino\HardwareSerial.h">
      <Filter>src\_micro-api-readonly\core</Filter>
    </ClInclude>
    <ClInclude Include="C:\Program Files (x86)\Arduino\hardware\arduino\avr\cores\arduino\HardwareSerial_private.h">
      <Filter>src\_micro-api-readonly\core</Filter>
    </ClInclude>
    <ClInclude Include="C:\Program Files (x86)\Arduino\hardware\arduino\avr\cores\arduino\IPAddress.h">
      <Filter>src\_micro-api-readonly\core</Filter>
    </ClInclude>
    <ClInclude Include="C:\Program Files (x86)\Arduino\hardware\arduino\avr\cores\arduino\new.h">
      <Filter>src\_micro-api-readonly\core</Filter>
    </ClInclude>
    <ClInclude Include="C:\Program Files (x86)\Arduino\hardware\arduino\avr\cores\arduino\PluggableUSB.h">
      <Filter>src\_micro-api-readonly\core</Filter>
    </ClInclude>
    <ClInclude Include="C:\Program Files (x86)\Arduino\hardware\arduino\avr\cores\arduino\Print.h">
      <Filter>src\_micro-api-readonly\core</Filter>
    </ClInclude>
    <ClInclude Include="C:\Program Files (x86)\Arduino\hardware\arduino\avr\cores\arduino\Printable.h">
      <Filter>src\_micro-api-readonly\core</Filter>
    </ClInclude>
    <ClInclude Include="C:\Program Files (x86)\Arduino\hardware\arduino\avr\cores\arduino\Server.h">
      <Filter>src\_micro-api-readonly\core</Filter>
    </ClInclude>
    <ClInclude Include="C:\Program Files (x86)\Arduino\hardware\arduino\avr\cores\arduino\Stream.h">
      <Filter>src\_micro-api-readonly\core</Filter>
    </ClInclude>
    <ClInclude Include="C:\Program Files (x86)\Arduino\hardware\arduino\avr\cores\arduino\Udp.h">
      <Filter>src\_micro-api-readonly\core</Filter>
    </ClInclude>
    <ClInclude Include="C:\Program Files (x86)\Arduino\hardware\arduino\avr\cores\arduino\USBAPI.h">
      <Filter>src\_micro-api-readonly\core</Filter>
    </ClInclude>
    <ClInclude Include="C:\Program Files (x86)\Arduino\hardware\arduino\avr\cores\arduino\USBCore.h">
      <Filter>src\_micro-api-readonly\core</Filter>
    </ClInclude>
    <ClInclude Include="C:\Program Files (x86)\Arduino\hardware\arduino\avr\cores\arduino\USBDesc.h">
      <Filter>src\_micro-api-readonly\core</Filter>
    </ClInclude>
    <ClInclude Include="C:\Program Files (x86)\Arduino\hardware\arduino\avr\cores\arduino\WCharacter.h">
      <Filter>src\_micro-api-readonly\core</Filter>
    </ClInclude>
    <ClInclude Include="C:\Program Files (x86)\Arduino\hardware\arduino\avr\cores\arduino\wiring_private.h">
      <Filter>src\_micro-api-readonly\core</Filter>
    </ClInclude>
    <ClInclude Include="C:\Program Files (x86)\Arduino\hardware\arduino\avr\cores\arduino\WString.h">
      <Filter>src\_micro-api-readonly\core</Filter>
    </ClInclude>
    <ClInclude Include="C:\Program Files (x86)\Arduino\hardware\arduino\avr\variants\standard\pins_arduino.h">
      <Filter>src\_micro-api-readonly\core</Filter>
    </ClInclude>
    <ClInclude Include="C:\Users\Thomas\Documents\Arduino\libraries\jeelib-master\JeeLib.h">
      <Filter>src\_micro-api-readonly\libraries\jeelib-master</Filter>
    </ClInclude>
    <ClInclude Include="C:\Users\Thomas\Documents\Arduino\libraries\jeelib-master\Ports.h">
      <Filter>src\_micro-api-readonly\libraries\jeelib-master</Filter>
    </ClInclude>
    <ClInclude Include="C:\Users\Thomas\Documents\Arduino\libraries\jeelib-master\PortsBMP085.h">
      <Filter>src\_micro-api-readonly\libraries\jeelib-master</Filter>
    </ClInclude>
    <ClInclude Include="C:\Users\Thomas\Documents\Arduino\libraries\jeelib-master\PortsLCD.h">
      <Filter>src\_micro-api-readonly\libraries\jeelib-master</Filter>
    </ClInclude>
    <ClInclude Include="C:\Users\Thomas\Documents\Arduino\libraries\jeelib-master\PortsSHT11.h">
      <Filter>src\_micro-api-readonly\libraries\jeelib-master</Filter>
    </ClInclude>
    <ClInclude Include="C:\Users\Thomas\Documents\Arduino\libraries\jeelib-master\RF12.h">
      <Filter>src\_micro-api-readonly\libraries\jeelib-master</Filter>
    </ClInclude>
    <ClInclude Include="C:\Users\Thomas\Documents\Arduino\libraries\jeelib-master\RF12sio.h">
      <Filter>src\_micro-api-readonly\libraries\jeelib-master</Filter>
    </ClInclude>
    <ClInclude Include="C:\Users\Thomas\Documents\Arduino\libraries\jeelib-master\RF69.h">
      <Filter>src\_micro-api-readonly\libraries\jeelib-master</Filter>
    </ClInclude>
    <ClInclude Include="C:\Users\Thomas\Documents\Arduino\libraries\jeelib-master\RF69_avr.h">
      <Filter>src\_micro-api-readonly\libraries\jeelib-master</Filter>
    </ClInclude>
    <ClInclude Include="C:\Users\Thomas\Documents\Arduino\libraries\jeelib-master\RF69_compat.h">
      <Filter>src\_micro-api-readonly\libraries\jeelib-master</Filter>
    </ClInclude>
    <ClInclude Include="C:\Users\Thomas\Documents\Arduino\libraries\Arduino-DHT22-master\DHT22.h">
      <Filter>src\_micro-api-readonly\libraries\Arduino-DHT22-master</Filter>
    </ClInclude>
    <ClInclude Include="C:\Users\Thomas\Documents\Arduino\libraries\Arduino_Software_I2C-master\SeeedGrayOLED.h">
      <Filter>src\_micro-api-readonly\libraries\Arduino_Software_I2C-master</Filter>
    </ClInclude>
    <ClInclude Include="C:\Users\Thomas\Documents\Arduino\libraries\Arduino_Software_I2C-master\SoftwareI2C.h">
      <Filter>src\_micro-api-readonly\libraries\Arduino_Software_I2C-master</Filter>
    </ClInclude>
  </ItemGroup>
  <ItemGroup>
    <ClCompile Include="MyAttinyBME280.cpp">
      <Filter>Quelldateien</Filter>
    </ClCompile>
    <ClCompile Include="C:\Program Files (x86)\Arduino\hardware\arduino\avr\cores\arduino\abi.cpp">
      <Filter>src\_micro-api-readonly\core</Filter>
    </ClCompile>
    <ClCompile Include="C:\Program Files (x86)\Arduino\hardware\arduino\avr\cores\arduino\CDC.cpp">
      <Filter>src\_micro-api-readonly\core</Filter>
    </ClCompile>
    <ClCompile Include="C:\Program Files (x86)\Arduino\hardware\arduino\avr\cores\arduino\HardwareSerial.cpp">
      <Filter>src\_micro-api-readonly\core</Filter>
    </ClCompile>
    <ClCompile Include="C:\Program Files (x86)\Arduino\hardware\arduino\avr\cores\arduino\HardwareSerial0.cpp">
      <Filter>src\_micro-api-readonly\core</Filter>
    </ClCompile>
    <ClCompile Include="C:\Program Files (x86)\Arduino\hardware\arduino\avr\cores\arduino\HardwareSerial1.cpp">
      <Filter>src\_micro-api-readonly\core</Filter>
    </ClCompile>
    <ClCompile Include="C:\Program Files (x86)\Arduino\hardware\arduino\avr\cores\arduino\HardwareSerial2.cpp">
      <Filter>src\_micro-api-readonly\core</Filter>
    </ClCompile>
    <ClCompile Include="C:\Program Files (x86)\Arduino\hardware\arduino\avr\cores\arduino\HardwareSerial3.cpp">
      <Filter>src\_micro-api-readonly\core</Filter>
    </ClCompile>
    <ClCompile Include="C:\Program Files (x86)\Arduino\hardware\arduino\avr\cores\arduino\IPAddress.cpp">
      <Filter>src\_micro-api-readonly\core</Filter>
    </ClCompile>
    <ClCompile Include="C:\Program Files (x86)\Arduino\hardware\arduino\avr\cores\arduino\main.cpp">
      <Filter>src\_micro-api-readonly\core</Filter>
    </ClCompile>
    <ClCompile Include="C:\Program Files (x86)\Arduino\hardware\arduino\avr\cores\arduino\new.cpp">
      <Filter>src\_micro-api-readonly\core</Filter>
    </ClCompile>
    <ClCompile Include="C:\Program Files (x86)\Arduino\hardware\arduino\avr\cores\arduino\PluggableUSB.cpp">
      <Filter>src\_micro-api-readonly\core</Filter>
    </ClCompile>
    <ClCompile Include="C:\Program Files (x86)\Arduino\hardware\arduino\avr\cores\arduino\Print.cpp">
      <Filter>src\_micro-api-readonly\core</Filter>
    </ClCompile>
    <ClCompile Include="C:\Program Files (x86)\Arduino\hardware\arduino\avr\cores\arduino\Stream.cpp">
      <Filter>src\_micro-api-readonly\core</Filter>
    </ClCompile>
    <ClCompile Include="C:\Program Files (x86)\Arduino\hardware\arduino\avr\cores\arduino\Tone.cpp">
      <Filter>src\_micro-api-readonly\core</Filter>
    </ClCompile>
    <ClCompile Include="C:\Program Files (x86)\Arduino\hardware\arduino\avr\cores\arduino\USBCore.cpp">
      <Filter>src\_micro-api-readonly\core</Filter>
    </ClCompile>
    <ClCompile Include="C:\Program Files (x86)\Arduino\hardware\arduino\avr\cores\arduino\WMath.cpp">
      <Filter>src\_micro-api-readonly\core</Filter>
    </ClCompile>
    <ClCompile Include="C:\Program Files (x86)\Arduino\hardware\arduino\avr\cores\arduino\WString.cpp">
      <Filter>src\_micro-api-readonly\core</Filter>
    </ClCompile>
    <ClCompile Include="C:\Users\Thomas\Documents\Arduino\libraries\jeelib-master\Ports.cpp">
      <Filter>src\_micro-api-readonly\libraries\jeelib-master</Filter>
    </ClCompile>
    <ClCompile Include="C:\Users\Thomas\Documents\Arduino\libraries\jeelib-master\PortsBMP085.cpp">
      <Filter>src\_micro-api-readonly\libraries\jeelib-master</Filter>
    </ClCompile>
    <ClCompile Include="C:\Users\Thomas\Documents\Arduino\libraries\jeelib-master\PortsLCD.cpp">
      <Filter>src\_micro-api-readonly\libraries\jeelib-master</Filter>
    </ClCompile>
    <ClCompile Include="C:\Users\Thomas\Documents\Arduino\libraries\jeelib-master\PortsRF12.cpp">
      <Filter>src\_micro-api-readonly\libraries\jeelib-master</Filter>
    </ClCompile>
    <ClCompile Include="C:\Users\Thomas\Documents\Arduino\libraries\jeelib-master\PortsSHT11.cpp">
      <Filter>src\_micro-api-readonly\libraries\jeelib-master</Filter>
    </ClCompile>
    <ClCompile Include="C:\Users\Thomas\Documents\Arduino\libraries\jeelib-master\RF12.cpp">
      <Filter>src\_micro-api-readonly\libraries\jeelib-master</Filter>
    </ClCompile>
    <ClCompile Include="C:\Users\Thomas\Documents\Arduino\libraries\jeelib-master\RF12sio.cpp">
      <Filter>src\_micro-api-readonly\libraries\jeelib-master</Filter>
    </ClCompile>
    <ClCompile Include="C:\Users\Thomas\Documents\Arduino\libraries\jeelib-master\RF69.cpp">
      <Filter>src\_micro-api-readonly\libraries\jeelib-master</Filter>
    </ClCompile>
    <ClCompile Include="C:\Users\Thomas\Documents\Arduino\libraries\jeelib-master\RF69_compat.cpp">
      <Filter>src\_micro-api-readonly\libraries\jeelib-master</Filter>
    </ClCompile>
    <ClCompile Include="C:\Users\Thomas\Documents\Arduino\libraries\Arduino-DHT22-master\DHT22.cpp">
      <Filter>src\_micro-api-readonly\libraries\Arduino-DHT22-master</Filter>
    </ClCompile>
    <ClCompile Include="C:\Users\Thomas\Documents\Arduino\libraries\Arduino_Software_I2C-master\SeeedGrayOLED.cpp">
      <Filter>src\_micro-api-readonly\libraries\Arduino_Software_I2C-master</Filter>
    </ClCompile>
    <ClCompile Include="C:\Users\Thomas\Documents\Arduino\libraries\Arduino_Software_I2C-master\SoftwareI2C.cpp">
      <Filter>src\_micro-api-readonly\libraries\Arduino_Software_I2C-master</Filter>
    </ClCompile>
  </ItemGroup>
  <ItemGroup>
    <Text Include="C:\Users\Thomas\Documents\Arduino\libraries\jeelib-master\keywords.txt">
      <Filter>src\_micro-api-readonly\libraries\jeelib-master</Filter>
    </Text>
    <Text Include="C:\Users\Thomas\Documents\Arduino\libraries\Arduino-DHT22-master\keywords.txt">
      <Filter>src\_micro-api-readonly\libraries\Arduino-DHT22-master</Filter>
    </Text>
    <Text Include="C:\Users\Thomas\Documents\Arduino\libraries\Arduino_Software_I2C-master\keywords.txt">
      <Filter>src\_micro-api-readonly\libraries\Arduino_Software_I2C-master</Filter>
    </Text>
  </ItemGroup>
</Project>