<?xml version="1.0" encoding="utf-8"?>
<Project ToolsVersion="4.0" xmlns="http://schemas.microsoft.com/developer/msbuild/2003">
  <ItemGroup>
    <Filter Include="Quelldateien">
      <UniqueIdentifier>{4FC737F1-C7A5-4376-A066-2A32D752A2FF}</UniqueIdentifier>
      <Extensions>cpp;c;cc;cxx;def;odl;idl;hpj;bat;asm;asmx</Extensions>
    </Filter>
    <Filter Include="Headerdateien">
      <UniqueIdentifier>{93995380-89BD-4b04-88EB-625FBE52EBFB}</UniqueIdentifier>
      <Extensions>h;hh;hpp;hxx;hm;inl;inc;xsd</Extensions>
    </Filter>
    <Filter Include="Ressourcendateien">
      <UniqueIdentifier>{67DA6AB6-F800-4c08-8B7A-83BB121AAD01}</UniqueIdentifier>
      <Extensions>rc;ico;cur;bmp;dlg;rc2;rct;bin;rgs;gif;jpg;jpeg;jpe;resx;tiff;tif;png;wav;mfcribbon-ms</Extensions>
    </Filter>
    <Filter Include="_core">
      <UniqueIdentifier>{14c0ab28-b142-4ed7-a9c2-d3cd1df0f608}</UniqueIdentifier>
    </Filter>
    <Filter Include="_libraries">
      <UniqueIdentifier>{f78cbe27-e963-450e-afce-9ba058529fa2}</UniqueIdentifier>
    </Filter>
    <Filter Include="_libraries\Arduino-DHT22-master">
      <UniqueIdentifier>{75d1f5a6-e8de-4c6e-aa44-f4a1740bafc3}</UniqueIdentifier>
    </Filter>
    <Filter Include="_libraries\jeelib-master">
      <UniqueIdentifier>{c0e3c723-ec38-4939-9c52-3ec53a4e4392}</UniqueIdentifier>
    </Filter>
  </ItemGroup>
  <ItemGroup>
    <None Include="TT3Thermometer.ino" />
  </ItemGroup>
  <ItemGroup>
    <ClInclude Include="__vm\.TT3Thermometer.vsarduino.h">
      <Filter>Headerdateien</Filter>
    </ClInclude>
    <ClInclude Include="C:\Users\Thomas\Documents\Arduino\hardware\tiny\avr\cores\tiny\Arduino.h">
      <Filter>_core</Filter>
    </ClInclude>
    <ClInclude Include="C:\Users\Thomas\Documents\Arduino\hardware\tiny\avr\cores\tiny\binary.h">
      <Filter>_core</Filter>
    </ClInclude>
    <ClInclude Include="C:\Users\Thomas\Documents\Arduino\hardware\tiny\avr\cores\tiny\core_adc.h">
      <Filter>_core</Filter>
    </ClInclude>
    <ClInclude Include="C:\Users\Thomas\Documents\Arduino\hardware\tiny\avr\cores\tiny\core_build_options.h">
      <Filter>_core</Filter>
    </ClInclude>
    <ClInclude Include="C:\Users\Thomas\Documents\Arduino\hardware\tiny\avr\cores\tiny\core_macros.h">
      <Filter>_core</Filter>
    </ClInclude>
    <ClInclude Include="C:\Users\Thomas\Documents\Arduino\hardware\tiny\avr\cores\tiny\core_pins.h">
      <Filter>_core</Filter>
    </ClInclude>
    <ClInclude Include="C:\Users\Thomas\Documents\Arduino\hardware\tiny\avr\cores\tiny\core_timers.h">
      <Filter>_core</Filter>
    </ClInclude>
    <ClInclude Include="C:\Users\Thomas\Documents\Arduino\hardware\tiny\avr\cores\tiny\HardwareSerial.h">
      <Filter>_core</Filter>
    </ClInclude>
    <ClInclude Include="C:\Users\Thomas\Documents\Arduino\hardware\tiny\avr\cores\tiny\pins_arduino.h">
      <Filter>_core</Filter>
    </ClInclude>
    <ClInclude Include="C:\Users\Thomas\Documents\Arduino\hardware\tiny\avr\cores\tiny\Print.h">
      <Filter>_core</Filter>
    </ClInclude>
    <ClInclude Include="C:\Users\Thomas\Documents\Arduino\hardware\tiny\avr\cores\tiny\PwmTimer.h">
      <Filter>_core</Filter>
    </ClInclude>
    <ClInclude Include="C:\Users\Thomas\Documents\Arduino\hardware\tiny\avr\cores\tiny\Stream.h">
      <Filter>_core</Filter>
    </ClInclude>
    <ClInclude Include="C:\Users\Thomas\Documents\Arduino\hardware\tiny\avr\cores\tiny\TinyDebugSerial.h">
      <Filter>_core</Filter>
    </ClInclude>
    <ClInclude Include="C:\Users\Thomas\Documents\Arduino\hardware\tiny\avr\cores\tiny\ToneTimer.h">
      <Filter>_core</Filter>
    </ClInclude>
    <ClInclude Include="C:\Users\Thomas\Documents\Arduino\hardware\tiny\avr\cores\tiny\UserTimer.h">
      <Filter>_core</Filter>
    </ClInclude>
    <ClInclude Include="C:\Users\Thomas\Documents\Arduino\hardware\tiny\avr\cores\tiny\WCharacter.h">
      <Filter>_core</Filter>
    </ClInclude>
    <ClInclude Include="C:\Users\Thomas\Documents\Arduino\hardware\tiny\avr\cores\tiny\WConstants.h">
      <Filter>_core</Filter>
    </ClInclude>
    <ClInclude Include="C:\Users\Thomas\Documents\Arduino\hardware\tiny\avr\cores\tiny\wiring.h">
      <Filter>_core</Filter>
    </ClInclude>
    <ClInclude Include="C:\Users\Thomas\Documents\Arduino\hardware\tiny\avr\cores\tiny\wiring_private.h">
      <Filter>_core</Filter>
    </ClInclude>
    <ClInclude Include="C:\Users\Thomas\Documents\Arduino\hardware\tiny\avr\cores\tiny\WProgram.h">
      <Filter>_core</Filter>
    </ClInclude>
    <ClInclude Include="C:\Users\Thomas\Documents\Arduino\hardware\tiny\avr\cores\tiny\WString.h">
      <Filter>_core</Filter>
    </ClInclude>
    <ClInclude Include="C:\Users\Thomas\Documents\Arduino\libraries\Arduino-DHT22-master\DHT22.h">
      <Filter>_libraries\Arduino-DHT22-master</Filter>
    </ClInclude>
    <ClInclude Include="C:\Users\Thomas\Documents\Arduino\libraries\jeelib-master\JeeLib.h">
      <Filter>_libraries\jeelib-master</Filter>
    </ClInclude>
    <ClInclude Include="C:\Users\Thomas\Documents\Arduino\libraries\jeelib-master\Ports.h">
      <Filter>_libraries\jeelib-master</Filter>
    </ClInclude>
    <ClInclude Include="C:\Users\Thomas\Documents\Arduino\libraries\jeelib-master\PortsBMP085.h">
      <Filter>_libraries\jeelib-master</Filter>
    </ClInclude>
    <ClInclude Include="C:\Users\Thomas\Documents\Arduino\libraries\jeelib-master\PortsLCD.h">
      <Filter>_libraries\jeelib-master</Filter>
    </ClInclude>
    <ClInclude Include="C:\Users\Thomas\Documents\Arduino\libraries\jeelib-master\PortsSHT11.h">
      <Filter>_libraries\jeelib-master</Filter>
    </ClInclude>
    <ClInclude Include="C:\Users\Thomas\Documents\Arduino\libraries\jeelib-master\RF12.h">
      <Filter>_libraries\jeelib-master</Filter>
    </ClInclude>
    <ClInclude Include="C:\Users\Thomas\Documents\Arduino\libraries\jeelib-master\RF12sio.h">
      <Filter>_libraries\jeelib-master</Filter>
    </ClInclude>
    <ClInclude Include="C:\Users\Thomas\Documents\Arduino\libraries\jeelib-master\RF69.h">
      <Filter>_libraries\jeelib-master</Filter>
    </ClInclude>
    <ClInclude Include="C:\Users\Thomas\Documents\Arduino\libraries\jeelib-master\RF69_avr.h">
      <Filter>_libraries\jeelib-master</Filter>
    </ClInclude>
    <ClInclude Include="C:\Users\Thomas\Documents\Arduino\libraries\jeelib-master\RF69_compat.h">
      <Filter>_libraries\jeelib-master</Filter>
    </ClInclude>
  </ItemGroup>
  <ItemGroup>
    <ClCompile Include="C:\Users\Thomas\Documents\Arduino\hardware\tiny\avr\cores\tiny\HardwareSerial.cpp">
      <Filter>_core</Filter>
    </ClCompile>
    <ClCompile Include="C:\Users\Thomas\Documents\Arduino\hardware\tiny\avr\cores\tiny\main.cpp">
      <Filter>_core</Filter>
    </ClCompile>
    <ClCompile Include="C:\Users\Thomas\Documents\Arduino\hardware\tiny\avr\cores\tiny\pins_arduino.c">
      <Filter>_core</Filter>
    </ClCompile>
    <ClCompile Include="C:\Users\Thomas\Documents\Arduino\hardware\tiny\avr\cores\tiny\Print.cpp">
      <Filter>_core</Filter>
    </ClCompile>
    <ClCompile Include="C:\Users\Thomas\Documents\Arduino\hardware\tiny\avr\cores\tiny\TinyDebugSerial.cpp">
      <Filter>_core</Filter>
    </ClCompile>
    <ClCompile Include="C:\Users\Thomas\Documents\Arduino\hardware\tiny\avr\cores\tiny\TinyDebugSerial115200.cpp">
      <Filter>_core</Filter>
    </ClCompile>
    <ClCompile Include="C:\Users\Thomas\Documents\Arduino\hardware\tiny\avr\cores\tiny\TinyDebugSerial38400.cpp">
      <Filter>_core</Filter>
    </ClCompile>
    <ClCompile Include="C:\Users\Thomas\Documents\Arduino\hardware\tiny\avr\cores\tiny\TinyDebugSerial9600.cpp">
      <Filter>_core</Filter>
    </ClCompile>
    <ClCompile Include="C:\Users\Thomas\Documents\Arduino\hardware\tiny\avr\cores\tiny\TinyDebugSerialErrors.cpp">
      <Filter>_core</Filter>
    </ClCompile>
    <ClCompile Include="C:\Users\Thomas\Documents\Arduino\hardware\tiny\avr\cores\tiny\Tone.cpp">
      <Filter>_core</Filter>
    </ClCompile>
    <ClCompile Include="C:\Users\Thomas\Documents\Arduino\hardware\tiny\avr\cores\tiny\WInterrupts.c">
      <Filter>_core</Filter>
    </ClCompile>
    <ClCompile Include="C:\Users\Thomas\Documents\Arduino\hardware\tiny\avr\cores\tiny\wiring.c">
      <Filter>_core</Filter>
    </ClCompile>
    <ClCompile Include="C:\Users\Thomas\Documents\Arduino\hardware\tiny\avr\cores\tiny\wiring_analog.c">
      <Filter>_core</Filter>
    </ClCompile>
    <ClCompile Include="C:\Users\Thomas\Documents\Arduino\hardware\tiny\avr\cores\tiny\wiring_digital.c">
      <Filter>_core</Filter>
    </ClCompile>
    <ClCompile Include="C:\Users\Thomas\Documents\Arduino\hardware\tiny\avr\cores\tiny\wiring_pulse.c">
      <Filter>_core</Filter>
    </ClCompile>
    <ClCompile Include="C:\Users\Thomas\Documents\Arduino\hardware\tiny\avr\cores\tiny\wiring_shift.c">
      <Filter>_core</Filter>
    </ClCompile>
    <ClCompile Include="C:\Users\Thomas\Documents\Arduino\hardware\tiny\avr\cores\tiny\WMath.cpp">
      <Filter>_core</Filter>
    </ClCompile>
    <ClCompile Include="C:\Users\Thomas\Documents\Arduino\hardware\tiny\avr\cores\tiny\WString.cpp">
      <Filter>_core</Filter>
    </ClCompile>
    <ClCompile Include="C:\Users\Thomas\Documents\Arduino\libraries\Arduino-DHT22-master\DHT22.cpp">
      <Filter>_libraries\Arduino-DHT22-master</Filter>
    </ClCompile>
    <ClCompile Include="C:\Users\Thomas\Documents\Arduino\libraries\jeelib-master\Ports.cpp">
      <Filter>_libraries\jeelib-master</Filter>
    </ClCompile>
    <ClCompile Include="C:\Users\Thomas\Documents\Arduino\libraries\jeelib-master\PortsBMP085.cpp">
      <Filter>_libraries\jeelib-master</Filter>
    </ClCompile>
    <ClCompile Include="C:\Users\Thomas\Documents\Arduino\libraries\jeelib-master\PortsLCD.cpp">
      <Filter>_libraries\jeelib-master</Filter>
    </ClCompile>
    <ClCompile Include="C:\Users\Thomas\Documents\Arduino\libraries\jeelib-master\PortsRF12.cpp">
      <Filter>_libraries\jeelib-master</Filter>
    </ClCompile>
    <ClCompile Include="C:\Users\Thomas\Documents\Arduino\libraries\jeelib-master\PortsSHT11.cpp">
      <Filter>_libraries\jeelib-master</Filter>
    </ClCompile>
    <ClCompile Include="C:\Users\Thomas\Documents\Arduino\libraries\jeelib-master\RF12.cpp">
      <Filter>_libraries\jeelib-master</Filter>
    </ClCompile>
    <ClCompile Include="C:\Users\Thomas\Documents\Arduino\libraries\jeelib-master\RF12sio.cpp">
      <Filter>_libraries\jeelib-master</Filter>
    </ClCompile>
    <ClCompile Include="C:\Users\Thomas\Documents\Arduino\libraries\jeelib-master\RF69.cpp">
      <Filter>_libraries\jeelib-master</Filter>
    </ClCompile>
    <ClCompile Include="C:\Users\Thomas\Documents\Arduino\libraries\jeelib-master\RF69_compat.cpp">
      <Filter>_libraries\jeelib-master</Filter>
    </ClCompile>
  </ItemGroup>
</Project>